// !$*UTF8*$!
{
	archiveVersion = 1;
	classes = {
	};
	objectVersion = 55;
	objects = {

/* Begin PBXBuildFile section */
		2C1930D629097A4300DD7B04 /* AppDelegate.swift in Sources */ = {isa = PBXBuildFile; fileRef = 2C1930D529097A4300DD7B04 /* AppDelegate.swift */; };
		2C1930D829097A4300DD7B04 /* SceneDelegate.swift in Sources */ = {isa = PBXBuildFile; fileRef = 2C1930D729097A4300DD7B04 /* SceneDelegate.swift */; };
		2C1930DA29097A4300DD7B04 /* ViewController.swift in Sources */ = {isa = PBXBuildFile; fileRef = 2C1930D929097A4300DD7B04 /* ViewController.swift */; };
		2C1930DD29097A4300DD7B04 /* Main.storyboard in Resources */ = {isa = PBXBuildFile; fileRef = 2C1930DB29097A4300DD7B04 /* Main.storyboard */; };
		2C1930E029097A4300DD7B04 /* RxSwift_Practice.xcdatamodeld in Sources */ = {isa = PBXBuildFile; fileRef = 2C1930DE29097A4300DD7B04 /* RxSwift_Practice.xcdatamodeld */; };
		2C1930E229097A4600DD7B04 /* Assets.xcassets in Resources */ = {isa = PBXBuildFile; fileRef = 2C1930E129097A4600DD7B04 /* Assets.xcassets */; };
		2C1930E529097A4600DD7B04 /* LaunchScreen.storyboard in Resources */ = {isa = PBXBuildFile; fileRef = 2C1930E329097A4600DD7B04 /* LaunchScreen.storyboard */; };
		2C1930F029097A4600DD7B04 /* RxSwift_PracticeTests.swift in Sources */ = {isa = PBXBuildFile; fileRef = 2C1930EF29097A4600DD7B04 /* RxSwift_PracticeTests.swift */; };
		2C1930FA29097A4600DD7B04 /* RxSwift_PracticeUITests.swift in Sources */ = {isa = PBXBuildFile; fileRef = 2C1930F929097A4600DD7B04 /* RxSwift_PracticeUITests.swift */; };
		2C1930FC29097A4600DD7B04 /* RxSwift_PracticeUITestsLaunchTests.swift in Sources */ = {isa = PBXBuildFile; fileRef = 2C1930FB29097A4600DD7B04 /* RxSwift_PracticeUITestsLaunchTests.swift */; };
/* End PBXBuildFile section */

/* Begin PBXContainerItemProxy section */
		2C1930EC29097A4600DD7B04 /* PBXContainerItemProxy */ = {
			isa = PBXContainerItemProxy;
			containerPortal = 2C1930CA29097A4300DD7B04 /* Project object */;
			proxyType = 1;
			remoteGlobalIDString = 2C1930D129097A4300DD7B04;
			remoteInfo = RxSwift_Practice;
		};
		2C1930F629097A4600DD7B04 /* PBXContainerItemProxy */ = {
			isa = PBXContainerItemProxy;
			containerPortal = 2C1930CA29097A4300DD7B04 /* Project object */;
			proxyType = 1;
			remoteGlobalIDString = 2C1930D129097A4300DD7B04;
			remoteInfo = RxSwift_Practice;
		};
/* End PBXContainerItemProxy section */

/* Begin PBXFileReference section */
		2C1930D229097A4300DD7B04 /* RxSwift_Practice.app */ = {isa = PBXFileReference; explicitFileType = wrapper.application; includeInIndex = 0; path = RxSwift_Practice.app; sourceTree = BUILT_PRODUCTS_DIR; };
		2C1930D529097A4300DD7B04 /* AppDelegate.swift */ = {isa = PBXFileReference; lastKnownFileType = sourcecode.swift; path = AppDelegate.swift; sourceTree = "<group>"; };
		2C1930D729097A4300DD7B04 /* SceneDelegate.swift */ = {isa = PBXFileReference; lastKnownFileType = sourcecode.swift; path = SceneDelegate.swift; sourceTree = "<group>"; };
		2C1930D929097A4300DD7B04 /* ViewController.swift */ = {isa = PBXFileReference; lastKnownFileType = sourcecode.swift; path = ViewController.swift; sourceTree = "<group>"; };
		2C1930DC29097A4300DD7B04 /* Base */ = {isa = PBXFileReference; lastKnownFileType = file.storyboard; name = Base; path = Base.lproj/Main.storyboard; sourceTree = "<group>"; };
		2C1930DF29097A4300DD7B04 /* RxSwift_Practice.xcdatamodel */ = {isa = PBXFileReference; lastKnownFileType = wrapper.xcdatamodel; path = RxSwift_Practice.xcdatamodel; sourceTree = "<group>"; };
		2C1930E129097A4600DD7B04 /* Assets.xcassets */ = {isa = PBXFileReference; lastKnownFileType = folder.assetcatalog; path = Assets.xcassets; sourceTree = "<group>"; };
		2C1930E429097A4600DD7B04 /* Base */ = {isa = PBXFileReference; lastKnownFileType = file.storyboard; name = Base; path = Base.lproj/LaunchScreen.storyboard; sourceTree = "<group>"; };
		2C1930E629097A4600DD7B04 /* Info.plist */ = {isa = PBXFileReference; lastKnownFileType = text.plist.xml; path = Info.plist; sourceTree = "<group>"; };
		2C1930EB29097A4600DD7B04 /* RxSwift_PracticeTests.xctest */ = {isa = PBXFileReference; explicitFileType = wrapper.cfbundle; includeInIndex = 0; path = RxSwift_PracticeTests.xctest; sourceTree = BUILT_PRODUCTS_DIR; };
		2C1930EF29097A4600DD7B04 /* RxSwift_PracticeTests.swift */ = {isa = PBXFileReference; lastKnownFileType = sourcecode.swift; path = RxSwift_PracticeTests.swift; sourceTree = "<group>"; };
		2C1930F529097A4600DD7B04 /* RxSwift_PracticeUITests.xctest */ = {isa = PBXFileReference; explicitFileType = wrapper.cfbundle; includeInIndex = 0; path = RxSwift_PracticeUITests.xctest; sourceTree = BUILT_PRODUCTS_DIR; };
		2C1930F929097A4600DD7B04 /* RxSwift_PracticeUITests.swift */ = {isa = PBXFileReference; lastKnownFileType = sourcecode.swift; path = RxSwift_PracticeUITests.swift; sourceTree = "<group>"; };
		2C1930FB29097A4600DD7B04 /* RxSwift_PracticeUITestsLaunchTests.swift */ = {isa = PBXFileReference; lastKnownFileType = sourcecode.swift; path = RxSwift_PracticeUITestsLaunchTests.swift; sourceTree = "<group>"; };
/* End PBXFileReference section */

/* Begin PBXFrameworksBuildPhase section */
		2C1930CF29097A4300DD7B04 /* Frameworks */ = {
			isa = PBXFrameworksBuildPhase;
			buildActionMask = 2147483647;
			files = (
			);
			runOnlyForDeploymentPostprocessing = 0;
		};
		2C1930E829097A4600DD7B04 /* Frameworks */ = {
			isa = PBXFrameworksBuildPhase;
			buildActionMask = 2147483647;
			files = (
			);
			runOnlyForDeploymentPostprocessing = 0;
		};
		2C1930F229097A4600DD7B04 /* Frameworks */ = {
			isa = PBXFrameworksBuildPhase;
			buildActionMask = 2147483647;
			files = (
			);
			runOnlyForDeploymentPostprocessing = 0;
		};
/* End PBXFrameworksBuildPhase section */

/* Begin PBXGroup section */
		2C1930C929097A4300DD7B04 = {
			isa = PBXGroup;
			children = (
				2C1930D429097A4300DD7B04 /* RxSwift_Practice */,
				2C1930EE29097A4600DD7B04 /* RxSwift_PracticeTests */,
				2C1930F829097A4600DD7B04 /* RxSwift_PracticeUITests */,
				2C1930D329097A4300DD7B04 /* Products */,
			);
			sourceTree = "<group>";
		};
		2C1930D329097A4300DD7B04 /* Products */ = {
			isa = PBXGroup;
			children = (
				2C1930D229097A4300DD7B04 /* RxSwift_Practice.app */,
				2C1930EB29097A4600DD7B04 /* RxSwift_PracticeTests.xctest */,
				2C1930F529097A4600DD7B04 /* RxSwift_PracticeUITests.xctest */,
			);
			name = Products;
			sourceTree = "<group>";
		};
		2C1930D429097A4300DD7B04 /* RxSwift_Practice */ = {
			isa = PBXGroup;
			children = (
				2C1930D529097A4300DD7B04 /* AppDelegate.swift */,
				2C1930D729097A4300DD7B04 /* SceneDelegate.swift */,
				2C1930D929097A4300DD7B04 /* ViewController.swift */,
				2C1930DB29097A4300DD7B04 /* Main.storyboard */,
				2C1930E129097A4600DD7B04 /* Assets.xcassets */,
				2C1930E329097A4600DD7B04 /* LaunchScreen.storyboard */,
				2C1930E629097A4600DD7B04 /* Info.plist */,
				2C1930DE29097A4300DD7B04 /* RxSwift_Practice.xcdatamodeld */,
			);
			path = RxSwift_Practice;
			sourceTree = "<group>";
		};
		2C1930EE29097A4600DD7B04 /* RxSwift_PracticeTests */ = {
			isa = PBXGroup;
			children = (
				2C1930EF29097A4600DD7B04 /* RxSwift_PracticeTests.swift */,
			);
			path = RxSwift_PracticeTests;
			sourceTree = "<group>";
		};
		2C1930F829097A4600DD7B04 /* RxSwift_PracticeUITests */ = {
			isa = PBXGroup;
			children = (
				2C1930F929097A4600DD7B04 /* RxSwift_PracticeUITests.swift */,
				2C1930FB29097A4600DD7B04 /* RxSwift_PracticeUITestsLaunchTests.swift */,
			);
			path = RxSwift_PracticeUITests;
			sourceTree = "<group>";
		};
/* End PBXGroup section */

/* Begin PBXNativeTarget section */
		2C1930D129097A4300DD7B04 /* RxSwift_Practice */ = {
			isa = PBXNativeTarget;
			buildConfigurationList = 2C1930FF29097A4600DD7B04 /* Build configuration list for PBXNativeTarget "RxSwift_Practice" */;
			buildPhases = (
				2C1930CE29097A4300DD7B04 /* Sources */,
				2C1930CF29097A4300DD7B04 /* Frameworks */,
				2C1930D029097A4300DD7B04 /* Resources */,
			);
			buildRules = (
			);
			dependencies = (
			);
			name = RxSwift_Practice;
			productName = RxSwift_Practice;
			productReference = 2C1930D229097A4300DD7B04 /* RxSwift_Practice.app */;
			productType = "com.apple.product-type.application";
		};
		2C1930EA29097A4600DD7B04 /* RxSwift_PracticeTests */ = {
			isa = PBXNativeTarget;
			buildConfigurationList = 2C19310229097A4600DD7B04 /* Build configuration list for PBXNativeTarget "RxSwift_PracticeTests" */;
			buildPhases = (
				2C1930E729097A4600DD7B04 /* Sources */,
				2C1930E829097A4600DD7B04 /* Frameworks */,
				2C1930E929097A4600DD7B04 /* Resources */,
			);
			buildRules = (
			);
			dependencies = (
				2C1930ED29097A4600DD7B04 /* PBXTargetDependency */,
			);
			name = RxSwift_PracticeTests;
			productName = RxSwift_PracticeTests;
			productReference = 2C1930EB29097A4600DD7B04 /* RxSwift_PracticeTests.xctest */;
			productType = "com.apple.product-type.bundle.unit-test";
		};
		2C1930F429097A4600DD7B04 /* RxSwift_PracticeUITests */ = {
			isa = PBXNativeTarget;
			buildConfigurationList = 2C19310529097A4600DD7B04 /* Build configuration list for PBXNativeTarget "RxSwift_PracticeUITests" */;
			buildPhases = (
				2C1930F129097A4600DD7B04 /* Sources */,
				2C1930F229097A4600DD7B04 /* Frameworks */,
				2C1930F329097A4600DD7B04 /* Resources */,
			);
			buildRules = (
			);
			dependencies = (
				2C1930F729097A4600DD7B04 /* PBXTargetDependency */,
			);
			name = RxSwift_PracticeUITests;
			productName = RxSwift_PracticeUITests;
			productReference = 2C1930F529097A4600DD7B04 /* RxSwift_PracticeUITests.xctest */;
			productType = "com.apple.product-type.bundle.ui-testing";
		};
/* End PBXNativeTarget section */

/* Begin PBXProject section */
		2C1930CA29097A4300DD7B04 /* Project object */ = {
			isa = PBXProject;
			attributes = {
				BuildIndependentTargetsInParallel = 1;
				LastSwiftUpdateCheck = 1340;
				LastUpgradeCheck = 1340;
				TargetAttributes = {
					2C1930D129097A4300DD7B04 = {
						CreatedOnToolsVersion = 13.4.1;
					};
					2C1930EA29097A4600DD7B04 = {
						CreatedOnToolsVersion = 13.4.1;
						TestTargetID = 2C1930D129097A4300DD7B04;
					};
					2C1930F429097A4600DD7B04 = {
						CreatedOnToolsVersion = 13.4.1;
						TestTargetID = 2C1930D129097A4300DD7B04;
					};
				};
			};
			buildConfigurationList = 2C1930CD29097A4300DD7B04 /* Build configuration list for PBXProject "RxSwift_Practice" */;
			compatibilityVersion = "Xcode 13.0";
			developmentRegion = en;
			hasScannedForEncodings = 0;
			knownRegions = (
				en,
				Base,
			);
			mainGroup = 2C1930C929097A4300DD7B04;
			productRefGroup = 2C1930D329097A4300DD7B04 /* Products */;
			projectDirPath = "";
			projectRoot = "";
			targets = (
				2C1930D129097A4300DD7B04 /* RxSwift_Practice */,
				2C1930EA29097A4600DD7B04 /* RxSwift_PracticeTests */,
				2C1930F429097A4600DD7B04 /* RxSwift_PracticeUITests */,
			);
		};
/* End PBXProject section */

/* Begin PBXResourcesBuildPhase section */
		2C1930D029097A4300DD7B04 /* Resources */ = {
			isa = PBXResourcesBuildPhase;
			buildActionMask = 2147483647;
			files = (
				2C1930E529097A4600DD7B04 /* LaunchScreen.storyboard in Resources */,
				2C1930E229097A4600DD7B04 /* Assets.xcassets in Resources */,
				2C1930DD29097A4300DD7B04 /* Main.storyboard in Resources */,
			);
			runOnlyForDeploymentPostprocessing = 0;
		};
		2C1930E929097A4600DD7B04 /* Resources */ = {
			isa = PBXResourcesBuildPhase;
			buildActionMask = 2147483647;
			files = (
			);
			runOnlyForDeploymentPostprocessing = 0;
		};
		2C1930F329097A4600DD7B04 /* Resources */ = {
			isa = PBXResourcesBuildPhase;
			buildActionMask = 2147483647;
			files = (
			);
			runOnlyForDeploymentPostprocessing = 0;
		};
/* End PBXResourcesBuildPhase section */

/* Begin PBXSourcesBuildPhase section */
		2C1930CE29097A4300DD7B04 /* Sources */ = {
			isa = PBXSourcesBuildPhase;
			buildActionMask = 2147483647;
			files = (
				2C1930DA29097A4300DD7B04 /* ViewController.swift in Sources */,
				2C1930D629097A4300DD7B04 /* AppDelegate.swift in Sources */,
				2C1930E029097A4300DD7B04 /* RxSwift_Practice.xcdatamodeld in Sources */,
				2C1930D829097A4300DD7B04 /* SceneDelegate.swift in Sources */,
			);
			runOnlyForDeploymentPostprocessing = 0;
		};
		2C1930E729097A4600DD7B04 /* Sources */ = {
			isa = PBXSourcesBuildPhase;
			buildActionMask = 2147483647;
			files = (
				2C1930F029097A4600DD7B04 /* RxSwift_PracticeTests.swift in Sources */,
			);
			runOnlyForDeploymentPostprocessing = 0;
		};
		2C1930F129097A4600DD7B04 /* Sources */ = {
			isa = PBXSourcesBuildPhase;
			buildActionMask = 2147483647;
			files = (
				2C1930FA29097A4600DD7B04 /* RxSwift_PracticeUITests.swift in Sources */,
				2C1930FC29097A4600DD7B04 /* RxSwift_PracticeUITestsLaunchTests.swift in Sources */,
			);
			runOnlyForDeploymentPostprocessing = 0;
		};
/* End PBXSourcesBuildPhase section */

/* Begin PBXTargetDependency section */
		2C1930ED29097A4600DD7B04 /* PBXTargetDependency */ = {
			isa = PBXTargetDependency;
			target = 2C1930D129097A4300DD7B04 /* RxSwift_Practice */;
			targetProxy = 2C1930EC29097A4600DD7B04 /* PBXContainerItemProxy */;
		};
		2C1930F729097A4600DD7B04 /* PBXTargetDependency */ = {
			isa = PBXTargetDependency;
			target = 2C1930D129097A4300DD7B04 /* RxSwift_Practice */;
			targetProxy = 2C1930F629097A4600DD7B04 /* PBXContainerItemProxy */;
		};
/* End PBXTargetDependency section */

/* Begin PBXVariantGroup section */
		2C1930DB29097A4300DD7B04 /* Main.storyboard */ = {
			isa = PBXVariantGroup;
			children = (
				2C1930DC29097A4300DD7B04 /* Base */,
			);
			name = Main.storyboard;
			sourceTree = "<group>";
		};
		2C1930E329097A4600DD7B04 /* LaunchScreen.storyboard */ = {
			isa = PBXVariantGroup;
			children = (
				2C1930E429097A4600DD7B04 /* Base */,
			);
			name = LaunchScreen.storyboard;
			sourceTree = "<group>";
		};
/* End PBXVariantGroup section */

/* Begin XCBuildConfiguration section */
		2C1930FD29097A4600DD7B04 /* Debug */ = {
			isa = XCBuildConfiguration;
			buildSettings = {
				ALWAYS_SEARCH_USER_PATHS = NO;
				CLANG_ANALYZER_NONNULL = YES;
				CLANG_ANALYZER_NUMBER_OBJECT_CONVERSION = YES_AGGRESSIVE;
				CLANG_CXX_LANGUAGE_STANDARD = "gnu++17";
				CLANG_ENABLE_MODULES = YES;
				CLANG_ENABLE_OBJC_ARC = YES;
				CLANG_ENABLE_OBJC_WEAK = YES;
				CLANG_WARN_BLOCK_CAPTURE_AUTORELEASING = YES;
				CLANG_WARN_BOOL_CONVERSION = YES;
				CLANG_WARN_COMMA = YES;
				CLANG_WARN_CONSTANT_CONVERSION = YES;
				CLANG_WARN_DEPRECATED_OBJC_IMPLEMENTATIONS = YES;
				CLANG_WARN_DIRECT_OBJC_ISA_USAGE = YES_ERROR;
				CLANG_WARN_DOCUMENTATION_COMMENTS = YES;
				CLANG_WARN_EMPTY_BODY = YES;
				CLANG_WARN_ENUM_CONVERSION = YES;
				CLANG_WARN_INFINITE_RECURSION = YES;
				CLANG_WARN_INT_CONVERSION = YES;
				CLANG_WARN_NON_LITERAL_NULL_CONVERSION = YES;
				CLANG_WARN_OBJC_IMPLICIT_RETAIN_SELF = YES;
				CLANG_WARN_OBJC_LITERAL_CONVERSION = YES;
				CLANG_WARN_OBJC_ROOT_CLASS = YES_ERROR;
				CLANG_WARN_QUOTED_INCLUDE_IN_FRAMEWORK_HEADER = YES;
				CLANG_WARN_RANGE_LOOP_ANALYSIS = YES;
				CLANG_WARN_STRICT_PROTOTYPES = YES;
				CLANG_WARN_SUSPICIOUS_MOVE = YES;
				CLANG_WARN_UNGUARDED_AVAILABILITY = YES_AGGRESSIVE;
				CLANG_WARN_UNREACHABLE_CODE = YES;
				CLANG_WARN__DUPLICATE_METHOD_MATCH = YES;
				COPY_PHASE_STRIP = NO;
				DEBUG_INFORMATION_FORMAT = dwarf;
				ENABLE_STRICT_OBJC_MSGSEND = YES;
				ENABLE_TESTABILITY = YES;
				GCC_C_LANGUAGE_STANDARD = gnu11;
				GCC_DYNAMIC_NO_PIC = NO;
				GCC_NO_COMMON_BLOCKS = YES;
				GCC_OPTIMIZATION_LEVEL = 0;
				GCC_PREPROCESSOR_DEFINITIONS = (
					"DEBUG=1",
					"$(inherited)",
				);
				GCC_WARN_64_TO_32_BIT_CONVERSION = YES;
				GCC_WARN_ABOUT_RETURN_TYPE = YES_ERROR;
				GCC_WARN_UNDECLARED_SELECTOR = YES;
				GCC_WARN_UNINITIALIZED_AUTOS = YES_AGGRESSIVE;
				GCC_WARN_UNUSED_FUNCTION = YES;
				GCC_WARN_UNUSED_VARIABLE = YES;
				IPHONEOS_DEPLOYMENT_TARGET = 15.5;
				MTL_ENABLE_DEBUG_INFO = INCLUDE_SOURCE;
				MTL_FAST_MATH = YES;
				ONLY_ACTIVE_ARCH = YES;
				SDKROOT = iphoneos;
				SWIFT_ACTIVE_COMPILATION_CONDITIONS = DEBUG;
				SWIFT_OPTIMIZATION_LEVEL = "-Onone";
			};
			name = Debug;
		};
		2C1930FE29097A4600DD7B04 /* Release */ = {
			isa = XCBuildConfiguration;
			buildSettings = {
				ALWAYS_SEARCH_USER_PATHS = NO;
				CLANG_ANALYZER_NONNULL = YES;
				CLANG_ANALYZER_NUMBER_OBJECT_CONVERSION = YES_AGGRESSIVE;
				CLANG_CXX_LANGUAGE_STANDARD = "gnu++17";
				CLANG_ENABLE_MODULES = YES;
				CLANG_ENABLE_OBJC_ARC = YES;
				CLANG_ENABLE_OBJC_WEAK = YES;
				CLANG_WARN_BLOCK_CAPTURE_AUTORELEASING = YES;
				CLANG_WARN_BOOL_CONVERSION = YES;
				CLANG_WARN_COMMA = YES;
				CLANG_WARN_CONSTANT_CONVERSION = YES;
				CLANG_WARN_DEPRECATED_OBJC_IMPLEMENTATIONS = YES;
				CLANG_WARN_DIRECT_OBJC_ISA_USAGE = YES_ERROR;
				CLANG_WARN_DOCUMENTATION_COMMENTS = YES;
				CLANG_WARN_EMPTY_BODY = YES;
				CLANG_WARN_ENUM_CONVERSION = YES;
				CLANG_WARN_INFINITE_RECURSION = YES;
				CLANG_WARN_INT_CONVERSION = YES;
				CLANG_WARN_NON_LITERAL_NULL_CONVERSION = YES;
				CLANG_WARN_OBJC_IMPLICIT_RETAIN_SELF = YES;
				CLANG_WARN_OBJC_LITERAL_CONVERSION = YES;
				CLANG_WARN_OBJC_ROOT_CLASS = YES_ERROR;
				CLANG_WARN_QUOTED_INCLUDE_IN_FRAMEWORK_HEADER = YES;
				CLANG_WARN_RANGE_LOOP_ANALYSIS = YES;
				CLANG_WARN_STRICT_PROTOTYPES = YES;
				CLANG_WARN_SUSPICIOUS_MOVE = YES;
				CLANG_WARN_UNGUARDED_AVAILABILITY = YES_AGGRESSIVE;
				CLANG_WARN_UNREACHABLE_CODE = YES;
				CLANG_WARN__DUPLICATE_METHOD_MATCH = YES;
				COPY_PHASE_STRIP = NO;
				DEBUG_INFORMATION_FORMAT = "dwarf-with-dsym";
				ENABLE_NS_ASSERTIONS = NO;
				ENABLE_STRICT_OBJC_MSGSEND = YES;
				GCC_C_LANGUAGE_STANDARD = gnu11;
				GCC_NO_COMMON_BLOCKS = YES;
				GCC_WARN_64_TO_32_BIT_CONVERSION = YES;
				GCC_WARN_ABOUT_RETURN_TYPE = YES_ERROR;
				GCC_WARN_UNDECLARED_SELECTOR = YES;
				GCC_WARN_UNINITIALIZED_AUTOS = YES_AGGRESSIVE;
				GCC_WARN_UNUSED_FUNCTION = YES;
				GCC_WARN_UNUSED_VARIABLE = YES;
				IPHONEOS_DEPLOYMENT_TARGET = 15.5;
				MTL_ENABLE_DEBUG_INFO = NO;
				MTL_FAST_MATH = YES;
				SDKROOT = iphoneos;
				SWIFT_COMPILATION_MODE = wholemodule;
				SWIFT_OPTIMIZATION_LEVEL = "-O";
				VALIDATE_PRODUCT = YES;
			};
			name = Release;
		};
		2C19310029097A4600DD7B04 /* Debug */ = {
			isa = XCBuildConfiguration;
			buildSettings = {
				ASSETCATALOG_COMPILER_APPICON_NAME = AppIcon;
				ASSETCATALOG_COMPILER_GLOBAL_ACCENT_COLOR_NAME = AccentColor;
				CODE_SIGN_STYLE = Automatic;
				CURRENT_PROJECT_VERSION = 1;
				GENERATE_INFOPLIST_FILE = YES;
				INFOPLIST_FILE = RxSwift_Practice/Info.plist;
				INFOPLIST_KEY_UIApplicationSupportsIndirectInputEvents = YES;
				INFOPLIST_KEY_UILaunchStoryboardName = LaunchScreen;
				INFOPLIST_KEY_UIMainStoryboardFile = Main;
				INFOPLIST_KEY_UISupportedInterfaceOrientations_iPad = "UIInterfaceOrientationPortrait UIInterfaceOrientationPortraitUpsideDown UIInterfaceOrientationLandscapeLeft UIInterfaceOrientationLandscapeRight";
				INFOPLIST_KEY_UISupportedInterfaceOrientations_iPhone = "UIInterfaceOrientationPortrait UIInterfaceOrientationLandscapeLeft UIInterfaceOrientationLandscapeRight";
				LD_RUNPATH_SEARCH_PATHS = (
					"$(inherited)",
					"@executable_path/Frameworks",
				);
				MARKETING_VERSION = 1.0;
				PRODUCT_BUNDLE_IDENTIFIER = "com.hyungyu.RxSwift-Practice";
				PRODUCT_NAME = "$(TARGET_NAME)";
				SWIFT_EMIT_LOC_STRINGS = YES;
				SWIFT_VERSION = 5.0;
				TARGETED_DEVICE_FAMILY = "1,2";
			};
			name = Debug;
		};
		2C19310129097A4600DD7B04 /* Release */ = {
			isa = XCBuildConfiguration;
			buildSettings = {
				ASSETCATALOG_COMPILER_APPICON_NAME = AppIcon;
				ASSETCATALOG_COMPILER_GLOBAL_ACCENT_COLOR_NAME = AccentColor;
				CODE_SIGN_STYLE = Automatic;
				CURRENT_PROJECT_VERSION = 1;
				GENERATE_INFOPLIST_FILE = YES;
				INFOPLIST_FILE = RxSwift_Practice/Info.plist;
				INFOPLIST_KEY_UIApplicationSupportsIndirectInputEvents = YES;
				INFOPLIST_KEY_UILaunchStoryboardName = LaunchScreen;
				INFOPLIST_KEY_UIMainStoryboardFile = Main;
				INFOPLIST_KEY_UISupportedInterfaceOrientations_iPad = "UIInterfaceOrientationPortrait UIInterfaceOrientationPortraitUpsideDown UIInterfaceOrientationLandscapeLeft UIInterfaceOrientationLandscapeRight";
				INFOPLIST_KEY_UISupportedInterfaceOrientations_iPhone = "UIInterfaceOrientationPortrait UIInterfaceOrientationLandscapeLeft UIInterfaceOrientationLandscapeRight";
				LD_RUNPATH_SEARCH_PATHS = (
					"$(inherited)",
					"@executable_path/Frameworks",
				);
				MARKETING_VERSION = 1.0;
				PRODUCT_BUNDLE_IDENTIFIER = "com.hyungyu.RxSwift-Practice";
				PRODUCT_NAME = "$(TARGET_NAME)";
				SWIFT_EMIT_LOC_STRINGS = YES;
				SWIFT_VERSION = 5.0;
				TARGETED_DEVICE_FAMILY = "1,2";
			};
			name = Release;
		};
		2C19310329097A4600DD7B04 /* Debug */ = {
			isa = XCBuildConfiguration;
			buildSettings = {
				ALWAYS_EMBED_SWIFT_STANDARD_LIBRARIES = YES;
				BUNDLE_LOADER = "$(TEST_HOST)";
				CODE_SIGN_STYLE = Automatic;
				CURRENT_PROJECT_VERSION = 1;
				GENERATE_INFOPLIST_FILE = YES;
				IPHONEOS_DEPLOYMENT_TARGET = 15.5;
				MARKETING_VERSION = 1.0;
				PRODUCT_BUNDLE_IDENTIFIER = "com.hyungyu.RxSwift-PracticeTests";
				PRODUCT_NAME = "$(TARGET_NAME)";
				SWIFT_EMIT_LOC_STRINGS = NO;
				SWIFT_VERSION = 5.0;
				TARGETED_DEVICE_FAMILY = "1,2";
				TEST_HOST = "$(BUILT_PRODUCTS_DIR)/RxSwift_Practice.app/RxSwift_Practice";
			};
			name = Debug;
		};
		2C19310429097A4600DD7B04 /* Release */ = {
			isa = XCBuildConfiguration;
			buildSettings = {
				ALWAYS_EMBED_SWIFT_STANDARD_LIBRARIES = YES;
				BUNDLE_LOADER = "$(TEST_HOST)";
				CODE_SIGN_STYLE = Automatic;
				CURRENT_PROJECT_VERSION = 1;
				GENERATE_INFOPLIST_FILE = YES;
				IPHONEOS_DEPLOYMENT_TARGET = 15.5;
				MARKETING_VERSION = 1.0;
				PRODUCT_BUNDLE_IDENTIFIER = "com.hyungyu.RxSwift-PracticeTests";
				PRODUCT_NAME = "$(TARGET_NAME)";
				SWIFT_EMIT_LOC_STRINGS = NO;
				SWIFT_VERSION = 5.0;
				TARGETED_DEVICE_FAMILY = "1,2";
				TEST_HOST = "$(BUILT_PRODUCTS_DIR)/RxSwift_Practice.app/RxSwift_Practice";
			};
			name = Release;
		};
		2C19310629097A4600DD7B04 /* Debug */ = {
			isa = XCBuildConfiguration;
			buildSettings = {
				ALWAYS_EMBED_SWIFT_STANDARD_LIBRARIES = YES;
				CODE_SIGN_STYLE = Automatic;
				CURRENT_PROJECT_VERSION = 1;
				GENERATE_INFOPLIST_FILE = YES;
				MARKETING_VERSION = 1.0;
				PRODUCT_BUNDLE_IDENTIFIER = "com.hyungyu.RxSwift-PracticeUITests";
				PRODUCT_NAME = "$(TARGET_NAME)";
				SWIFT_EMIT_LOC_STRINGS = NO;
				SWIFT_VERSION = 5.0;
				TARGETED_DEVICE_FAMILY = "1,2";
				TEST_TARGET_NAME = RxSwift_Practice;
			};
			name = Debug;
		};
		2C19310729097A4600DD7B04 /* Release */ = {
			isa = XCBuildConfiguration;
			buildSettings = {
				ALWAYS_EMBED_SWIFT_STANDARD_LIBRARIES = YES;
				CODE_SIGN_STYLE = Automatic;
				CURRENT_PROJECT_VERSION = 1;
				GENERATE_INFOPLIST_FILE = YES;
				MARKETING_VERSION = 1.0;
				PRODUCT_BUNDLE_IDENTIFIER = "com.hyungyu.RxSwift-PracticeUITests";
				PRODUCT_NAME = "$(TARGET_NAME)";
				SWIFT_EMIT_LOC_STRINGS = NO;
				SWIFT_VERSION = 5.0;
				TARGETED_DEVICE_FAMILY = "1,2";
				TEST_TARGET_NAME = RxSwift_Practice;
			};
			name = Release;
		};
/* End XCBuildConfiguration section */

/* Begin XCConfigurationList section */
		2C1930CD29097A4300DD7B04 /* Build configuration list for PBXProject "RxSwift_Practice" */ = {
			isa = XCConfigurationList;
			buildConfigurations = (
				2C1930FD29097A4600DD7B04 /* Debug */,
				2C1930FE29097A4600DD7B04 /* Release */,
			);
			defaultConfigurationIsVisible = 0;
			defaultConfigurationName = Release;
		};
		2C1930FF29097A4600DD7B04 /* Build configuration list for PBXNativeTarget "RxSwift_Practice" */ = {
			isa = XCConfigurationList;
			buildConfigurations = (
				2C19310029097A4600DD7B04 /* Debug */,
				2C19310129097A4600DD7B04 /* Release */,
			);
			defaultConfigurationIsVisible = 0;
			defaultConfigurationName = Release;
		};
		2C19310229097A4600DD7B04 /* Build configuration list for PBXNativeTarget "RxSwift_PracticeTests" */ = {
			isa = XCConfigurationList;
			buildConfigurations = (
				2C19310329097A4600DD7B04 /* Debug */,
				2C19310429097A4600DD7B04 /* Release */,
			);
			defaultConfigurationIsVisible = 0;
			defaultConfigurationName = Release;
		};
		2C19310529097A4600DD7B04 /* Build configuration list for PBXNativeTarget "RxSwift_PracticeUITests" */ = {
			isa = XCConfigurationList;
			buildConfigurations = (
				2C19310629097A4600DD7B04 /* Debug */,
				2C19310729097A4600DD7B04 /* Release */,
			);
			defaultConfigurationIsVisible = 0;
			defaultConfigurationName = Release;
		};
/* End XCConfigurationList section */

/* Begin XCVersionGroup section */
		2C1930DE29097A4300DD7B04 /* RxSwift_Practice.xcdatamodeld */ = {
			isa = XCVersionGroup;
			children = (
				2C1930DF29097A4300DD7B04 /* RxSwift_Practice.xcdatamodel */,
			);
			currentVersion = 2C1930DF29097A4300DD7B04 /* RxSwift_Practice.xcdatamodel */;
			path = RxSwift_Practice.xcdatamodeld;
			sourceTree = "<group>";
			versionGroupType = wrapper.xcdatamodel;
		};
/* End XCVersionGroup section */
	};
	rootObject = 2C1930CA29097A4300DD7B04 /* Project object */;
}
